{
  "version": 4,
  "terraform_version": "1.5.7",
  "serial": 42,
  "lineage": "926a9c43-0133-c7a1-135d-db37e68b5b12",
  "outputs": {},
  "resources": [
    {
      "mode": "managed",
      "type": "aws_cloudwatch_event_rule",
      "name": "profile_generator_lambda_event_rule",
      "provider": "provider[\"registry.terraform.io/hashicorp/aws\"]",
      "instances": [
        {
          "schema_version": 0,
          "attributes": {
            "arn": "arn:aws:events:us-east-1:535030089688:rule/profile-generator-lambda-event-rule",
            "description": "retry scheduled every 2 min",
            "event_bus_name": "default",
            "event_pattern": null,
            "id": "profile-generator-lambda-event-rule",
            "is_enabled": true,
            "name": "profile-generator-lambda-event-rule",
            "name_prefix": "",
            "role_arn": "",
            "schedule_expression": "cron(15 5 * * ? *)",
            "tags": {},
            "tags_all": {
              "application": "SmartGuy",
              "env": "Dev"
            }
          },
          "sensitive_attributes": [],
          "private": "bnVsbA=="
        }
      ]
    },
    {
      "mode": "managed",
      "type": "aws_cloudwatch_event_target",
      "name": "profile_generator_lambda_target",
      "provider": "provider[\"registry.terraform.io/hashicorp/aws\"]",
      "instances": [
        {
          "schema_version": 1,
          "attributes": {
            "arn": "arn:aws:lambda:us-east-1:535030089688:function:profile-generator-lambda",
            "batch_target": [],
            "dead_letter_config": [],
            "ecs_target": [],
            "event_bus_name": "default",
            "http_target": [],
            "id": "profile-generator-lambda-event-rule-terraform-20231005181619871300000001",
            "input": "{\n  \"instance_id\": \"myID\",\n  \"instance_status\": \"Richard\"\n}\n",
            "input_path": "",
            "input_transformer": [],
            "kinesis_target": [],
            "retry_policy": [],
            "role_arn": "",
            "rule": "profile-generator-lambda-event-rule",
            "run_command_targets": [],
            "sqs_target": [],
            "target_id": "terraform-20231005181619871300000001"
          },
          "sensitive_attributes": [],
          "private": "eyJzY2hlbWFfdmVyc2lvbiI6IjEifQ==",
          "dependencies": [
            "aws_cloudwatch_event_rule.profile_generator_lambda_event_rule",
            "module.profile_generator_lambda.aws_cloudwatch_log_group.lambda",
            "module.profile_generator_lambda.aws_iam_role.lambda",
            "module.profile_generator_lambda.aws_lambda_function.this",
            "module.profile_generator_lambda.aws_s3_bucket_object.lambda_package",
            "module.profile_generator_lambda.data.aws_iam_policy_document.assume_role",
            "module.profile_generator_lambda.data.external.archive_prepare",
            "module.profile_generator_lambda.local_file.archive_plan",
            "module.profile_generator_lambda.null_resource.archive"
          ]
        }
      ]
    },
    {
      "mode": "managed",
      "type": "aws_lambda_permission",
      "name": "allow_cloudwatch_to_call_rw_fallout_retry_step_deletion_lambda",
      "provider": "provider[\"registry.terraform.io/hashicorp/aws\"]",
      "instances": [
        {
          "schema_version": 0,
          "attributes": {
            "action": "lambda:InvokeFunction",
            "event_source_token": null,
            "function_name": "profile-generator-lambda",
            "id": "AllowExecutionFromCloudWatch",
            "principal": "events.amazonaws.com",
            "qualifier": "",
            "source_account": null,
            "source_arn": "arn:aws:events:us-east-1:535030089688:rule/profile-generator-lambda-event-rule",
            "statement_id": "AllowExecutionFromCloudWatch",
            "statement_id_prefix": null
          },
          "sensitive_attributes": [],
          "private": "bnVsbA==",
          "dependencies": [
            "aws_cloudwatch_event_rule.profile_generator_lambda_event_rule",
            "module.profile_generator_lambda.aws_cloudwatch_log_group.lambda",
            "module.profile_generator_lambda.aws_iam_role.lambda",
            "module.profile_generator_lambda.aws_lambda_function.this",
            "module.profile_generator_lambda.aws_s3_bucket_object.lambda_package",
            "module.profile_generator_lambda.data.aws_iam_policy_document.assume_role",
            "module.profile_generator_lambda.data.external.archive_prepare",
            "module.profile_generator_lambda.local_file.archive_plan",
            "module.profile_generator_lambda.null_resource.archive"
          ]
        }
      ]
    },
    {
      "module": "module.profile_generator_lambda",
      "mode": "data",
      "type": "aws_iam_policy_document",
      "name": "assume_role",
      "provider": "provider[\"registry.terraform.io/hashicorp/aws\"]",
      "instances": [
        {
          "index_key": 0,
          "schema_version": 0,
          "attributes": {
            "id": "3693445097",
            "json": "{\n  \"Version\": \"2012-10-17\",\n  \"Statement\": [\n    {\n      \"Sid\": \"\",\n      \"Effect\": \"Allow\",\n      \"Action\": \"sts:AssumeRole\",\n      \"Principal\": {\n        \"Service\": \"lambda.amazonaws.com\"\n      }\n    }\n  ]\n}",
            "override_json": null,
            "override_policy_documents": null,
            "policy_id": null,
            "source_json": null,
            "source_policy_documents": null,
            "statement": [
              {
                "actions": [
                  "sts:AssumeRole"
                ],
                "condition": [],
                "effect": "Allow",
                "not_actions": [],
                "not_principals": [],
                "not_resources": [],
                "principals": [
                  {
                    "identifiers": [
                      "lambda.amazonaws.com"
                    ],
                    "type": "Service"
                  }
                ],
                "resources": [],
                "sid": ""
              }
            ],
            "version": "2012-10-17"
          },
          "sensitive_attributes": []
        }
      ]
    },
    {
      "module": "module.profile_generator_lambda",
      "mode": "data",
      "type": "aws_iam_policy_document",
      "name": "logs",
      "provider": "provider[\"registry.terraform.io/hashicorp/aws\"]",
      "instances": [
        {
          "index_key": 0,
          "schema_version": 0,
          "attributes": {
            "id": "376181414",
            "json": "{\n  \"Version\": \"2012-10-17\",\n  \"Statement\": [\n    {\n      \"Sid\": \"\",\n      \"Effect\": \"Allow\",\n      \"Action\": [\n        \"logs:PutLogEvents\",\n        \"logs:CreateLogStream\",\n        \"logs:CreateLogGroup\"\n      ],\n      \"Resource\": [\n        \"arn:aws:logs:us-east-1:535030089688:log-group:/aws/lambda/profile-generator-lambda:*:*\",\n        \"arn:aws:logs:us-east-1:535030089688:log-group:/aws/lambda/profile-generator-lambda:*\"\n      ]\n    }\n  ]\n}",
            "override_json": null,
            "override_policy_documents": null,
            "policy_id": null,
            "source_json": null,
            "source_policy_documents": null,
            "statement": [
              {
                "actions": [
                  "logs:CreateLogGroup",
                  "logs:CreateLogStream",
                  "logs:PutLogEvents"
                ],
                "condition": [],
                "effect": "Allow",
                "not_actions": [],
                "not_principals": [],
                "not_resources": [],
                "principals": [],
                "resources": [
                  "arn:aws:logs:us-east-1:535030089688:log-group:/aws/lambda/profile-generator-lambda:*",
                  "arn:aws:logs:us-east-1:535030089688:log-group:/aws/lambda/profile-generator-lambda:*:*"
                ],
                "sid": ""
              }
            ],
            "version": "2012-10-17"
          },
          "sensitive_attributes": []
        }
      ]
    },
    {
      "module": "module.profile_generator_lambda",
      "mode": "data",
      "type": "external",
      "name": "archive_prepare",
      "provider": "provider[\"registry.terraform.io/hashicorp/external\"]",
      "instances": [
        {
          "index_key": 0,
          "schema_version": 0,
          "attributes": {
            "id": "-",
            "program": [
              "python3",
              ".terraform/modules/profile_generator_lambda/package.py",
              "prepare"
            ],
            "query": {
              "artifacts_dir": "builds",
              "docker": null,
              "hash_extra": "",
              "hash_extra_paths": "[]",
              "paths": "{\"cwd\":\"/Users/richierich/EFT-Report-Module/lambda-schedule-event-bridge\",\"module\":\".terraform/modules/profile_generator_lambda\",\"root\":\".\"}",
              "runtime": "nodejs14.x",
              "source_path": "\"./resources/profile-generator-lambda\""
            },
            "result": {
              "build_plan": "{\"filename\": \"builds/4c85dc457a85234d669597742009a78fdaa106a7585486adc4f97042909c0c68.zip\", \"runtime\": \"nodejs14.x\", \"artifacts_dir\": \"builds\", \"build_plan\": [[\"zip\", \"./resources/profile-generator-lambda\", null]]}",
              "build_plan_filename": "builds/4c85dc457a85234d669597742009a78fdaa106a7585486adc4f97042909c0c68.plan.json",
              "filename": "builds/4c85dc457a85234d669597742009a78fdaa106a7585486adc4f97042909c0c68.zip",
              "timestamp": "1696524282400203000",
              "was_missing": "false"
            },
            "working_dir": null
          },
          "sensitive_attributes": []
        }
      ]
    },
    {
      "module": "module.profile_generator_lambda",
      "mode": "managed",
      "type": "aws_cloudwatch_log_group",
      "name": "lambda",
      "provider": "provider[\"registry.terraform.io/hashicorp/aws\"]",
      "instances": [
        {
          "index_key": 0,
          "schema_version": 0,
          "attributes": {
            "arn": "arn:aws:logs:us-east-1:535030089688:log-group:/aws/lambda/profile-generator-lambda",
            "id": "/aws/lambda/profile-generator-lambda",
            "kms_key_id": "",
            "name": "/aws/lambda/profile-generator-lambda",
            "name_prefix": null,
            "retention_in_days": 0,
            "tags": {
              "Name": "profile-generator-lambda"
            },
            "tags_all": {
              "Name": "profile-generator-lambda",
              "application": "SmartGuy",
              "env": "Dev"
            }
          },
          "sensitive_attributes": [],
          "private": "bnVsbA=="
        }
      ]
    },
    {
      "module": "module.profile_generator_lambda",
      "mode": "managed",
      "type": "aws_iam_policy",
      "name": "logs",
      "provider": "provider[\"registry.terraform.io/hashicorp/aws\"]",
      "instances": [
        {
          "index_key": 0,
          "schema_version": 0,
          "attributes": {
            "arn": "arn:aws:iam::535030089688:policy/profile-generator-lambda-logs",
            "description": "",
            "id": "arn:aws:iam::535030089688:policy/profile-generator-lambda-logs",
            "name": "profile-generator-lambda-logs",
            "name_prefix": null,
            "path": "/",
            "policy": "{\n  \"Version\": \"2012-10-17\",\n  \"Statement\": [\n    {\n      \"Sid\": \"\",\n      \"Effect\": \"Allow\",\n      \"Action\": [\n        \"logs:PutLogEvents\",\n        \"logs:CreateLogStream\",\n        \"logs:CreateLogGroup\"\n      ],\n      \"Resource\": [\n        \"arn:aws:logs:us-east-1:535030089688:log-group:/aws/lambda/profile-generator-lambda:*:*\",\n        \"arn:aws:logs:us-east-1:535030089688:log-group:/aws/lambda/profile-generator-lambda:*\"\n      ]\n    }\n  ]\n}",
            "policy_id": "ANPAXZESHI7MDKYCUMF7Z",
            "tags": {
              "Name": "profile-generator-lambda"
            },
            "tags_all": {
              "Name": "profile-generator-lambda",
              "application": "SmartGuy",
              "env": "Dev"
            }
          },
          "sensitive_attributes": [],
          "private": "bnVsbA==",
          "dependencies": [
            "module.profile_generator_lambda.aws_cloudwatch_log_group.lambda",
            "module.profile_generator_lambda.data.aws_arn.log_group_arn",
            "module.profile_generator_lambda.data.aws_cloudwatch_log_group.lambda",
            "module.profile_generator_lambda.data.aws_iam_policy_document.logs"
          ]
        }
      ]
    },
    {
      "module": "module.profile_generator_lambda",
      "mode": "managed",
      "type": "aws_iam_policy_attachment",
      "name": "logs",
      "provider": "provider[\"registry.terraform.io/hashicorp/aws\"]",
      "instances": [
        {
          "index_key": 0,
          "schema_version": 0,
          "attributes": {
            "groups": [],
            "id": "profile-generator-lambda-logs",
            "name": "profile-generator-lambda-logs",
            "policy_arn": "arn:aws:iam::535030089688:policy/profile-generator-lambda-logs",
            "roles": [
              "profile-generator-lambda"
            ],
            "users": []
          },
          "sensitive_attributes": [],
          "private": "bnVsbA==",
          "dependencies": [
            "module.profile_generator_lambda.aws_cloudwatch_log_group.lambda",
            "module.profile_generator_lambda.aws_iam_policy.logs",
            "module.profile_generator_lambda.aws_iam_role.lambda",
            "module.profile_generator_lambda.data.aws_arn.log_group_arn",
            "module.profile_generator_lambda.data.aws_cloudwatch_log_group.lambda",
            "module.profile_generator_lambda.data.aws_iam_policy_document.assume_role",
            "module.profile_generator_lambda.data.aws_iam_policy_document.logs"
          ]
        }
      ]
    },
    {
      "module": "module.profile_generator_lambda",
      "mode": "managed",
      "type": "aws_iam_role",
      "name": "lambda",
      "provider": "provider[\"registry.terraform.io/hashicorp/aws\"]",
      "instances": [
        {
          "index_key": 0,
          "schema_version": 0,
          "attributes": {
            "arn": "arn:aws:iam::535030089688:role/profile-generator-lambda",
            "assume_role_policy": "{\"Version\":\"2012-10-17\",\"Statement\":[{\"Sid\":\"\",\"Effect\":\"Allow\",\"Principal\":{\"Service\":\"lambda.amazonaws.com\"},\"Action\":\"sts:AssumeRole\"}]}",
            "create_date": "2023-10-05T18:16:04Z",
            "description": "",
            "force_detach_policies": true,
            "id": "profile-generator-lambda",
            "inline_policy": [
              {
                "name": "",
                "policy": ""
              }
            ],
            "managed_policy_arns": [
              "arn:aws:iam::535030089688:policy/profile-generator-lambda-logs"
            ],
            "max_session_duration": 3600,
            "name": "profile-generator-lambda",
            "name_prefix": null,
            "path": "/",
            "permissions_boundary": null,
            "tags": {
              "Name": "profile-generator-lambda"
            },
            "tags_all": {
              "Name": "profile-generator-lambda",
              "application": "SmartGuy",
              "env": "Dev"
            },
            "unique_id": "AROAXZESHI7MF452ZLYUF"
          },
          "sensitive_attributes": [],
          "private": "bnVsbA==",
          "dependencies": [
            "module.profile_generator_lambda.data.aws_iam_policy_document.assume_role"
          ]
        }
      ]
    },
    {
      "module": "module.profile_generator_lambda",
      "mode": "managed",
      "type": "aws_lambda_function",
      "name": "this",
      "provider": "provider[\"registry.terraform.io/hashicorp/aws\"]",
      "instances": [
        {
          "index_key": 0,
          "schema_version": 0,
          "attributes": {
            "arn": "arn:aws:lambda:us-east-1:535030089688:function:profile-generator-lambda",
            "code_signing_config_arn": "",
            "dead_letter_config": [],
            "description": "Generates a new profiles",
            "environment": [],
            "file_system_config": [],
            "filename": "builds/4c85dc457a85234d669597742009a78fdaa106a7585486adc4f97042909c0c68.zip",
            "function_name": "profile-generator-lambda",
            "handler": "index.handler",
            "id": "profile-generator-lambda",
            "image_config": [],
            "image_uri": "",
            "invoke_arn": "arn:aws:apigateway:us-east-1:lambda:path/2015-03-31/functions/arn:aws:lambda:us-east-1:535030089688:function:profile-generator-lambda/invocations",
            "kms_key_arn": "",
            "last_modified": "2023-10-05T18:16:20.094+0000",
            "layers": [],
            "memory_size": 128,
            "package_type": "Zip",
            "publish": false,
            "qualified_arn": "arn:aws:lambda:us-east-1:535030089688:function:profile-generator-lambda:$LATEST",
            "reserved_concurrent_executions": -1,
            "role": "arn:aws:iam::535030089688:role/profile-generator-lambda",
            "runtime": "nodejs14.x",
            "s3_bucket": null,
            "s3_key": null,
            "s3_object_version": null,
            "signing_job_arn": "",
            "signing_profile_version_arn": "",
            "source_code_hash": "nCTgWvpPMzD2tbyZTNrdpos4KWOBNYtDarA/QSVyrc8=",
            "source_code_size": 4689,
            "tags": {
              "Name": "profile-generator-lambda"
            },
            "tags_all": {
              "Name": "profile-generator-lambda",
              "application": "SmartGuy",
              "env": "Dev"
            },
            "timeout": 3,
            "timeouts": null,
            "tracing_config": [
              {
                "mode": "PassThrough"
              }
            ],
            "version": "$LATEST",
            "vpc_config": []
          },
          "sensitive_attributes": [],
          "private": "eyJlMmJmYjczMC1lY2FhLTExZTYtOGY4OC0zNDM2M2JjN2M0YzAiOnsiY3JlYXRlIjo2MDAwMDAwMDAwMDB9fQ==",
          "dependencies": [
            "module.profile_generator_lambda.aws_cloudwatch_log_group.lambda",
            "module.profile_generator_lambda.aws_iam_role.lambda",
            "module.profile_generator_lambda.aws_s3_bucket_object.lambda_package",
            "module.profile_generator_lambda.data.aws_iam_policy_document.assume_role",
            "module.profile_generator_lambda.data.external.archive_prepare",
            "module.profile_generator_lambda.local_file.archive_plan",
            "module.profile_generator_lambda.null_resource.archive"
          ]
        }
      ]
    },
    {
      "module": "module.profile_generator_lambda",
      "mode": "managed",
      "type": "local_file",
      "name": "archive_plan",
      "provider": "provider[\"registry.terraform.io/hashicorp/local\"]",
      "instances": [
        {
          "index_key": 0,
          "schema_version": 0,
          "attributes": {
            "content": "{\"filename\": \"builds/4c85dc457a85234d669597742009a78fdaa106a7585486adc4f97042909c0c68.zip\", \"runtime\": \"nodejs14.x\", \"artifacts_dir\": \"builds\", \"build_plan\": [[\"zip\", \"./resources/profile-generator-lambda\", null]]}",
            "content_base64": null,
            "content_base64sha256": "2RbsrMpWYH/nzGTP49FQDrplvMVmf817nk1eyLEWsHI=",
            "content_base64sha512": "wXO/+ZbwYZQ5FhB5n+xbvGpXsNJQ//hdfThlQyTK307S9J5hFfJdsyPX/HrRCilUJQ76KZyJZPs3nf7FYH9QhA==",
            "content_md5": "aa2c5297849e9dbeae8498cf182553fb",
            "content_sha1": "b0896a8d256eafc1f5a503e15f23732d5b15b9b0",
            "content_sha256": "d916ecacca56607fe7cc64cfe3d1500eba65bcc5667fcd7b9e4d5ec8b116b072",
            "content_sha512": "c173bff996f06194391610799fec5bbc6a57b0d250fff85d7d38654324cadf4ed2f49e6115f25db323d7fc7ad10a2954250efa299c8964fb379dfec5607f5084",
            "directory_permission": "0755",
            "file_permission": "0644",
            "filename": "builds/4c85dc457a85234d669597742009a78fdaa106a7585486adc4f97042909c0c68.plan.json",
            "id": "b0896a8d256eafc1f5a503e15f23732d5b15b9b0",
            "sensitive_content": null,
            "source": null
          },
          "sensitive_attributes": [],
          "dependencies": [
            "module.profile_generator_lambda.data.external.archive_prepare"
          ]
        }
      ]
    },
    {
      "module": "module.profile_generator_lambda",
      "mode": "managed",
      "type": "null_resource",
      "name": "archive",
      "provider": "provider[\"registry.terraform.io/hashicorp/null\"]",
      "instances": [
        {
          "index_key": 0,
          "schema_version": 0,
          "attributes": {
            "id": "6240413282069801261",
            "triggers": {
              "filename": "builds/4c85dc457a85234d669597742009a78fdaa106a7585486adc4f97042909c0c68.zip",
              "timestamp": "1696524282400203000"
            }
          },
          "sensitive_attributes": [],
          "dependencies": [
            "module.profile_generator_lambda.data.external.archive_prepare",
            "module.profile_generator_lambda.local_file.archive_plan"
          ]
        }
      ]
    }
  ],
  "check_results": null
}
